{
  "name": "@hamberjs/site-kit",
  "version": "1.0.2",
  "lockfileVersion": 2,
  "requires": true,
  "packages": {
    "": {
      "name": "@hamberjs/site-kit",
      "version": "1.0.2",
      "license": "ISC",
      "dependencies": {
        "@sindresorhus/slugify": "^0.9.1",
        "golden-fleece": "^1.0.9"
      },
      "devDependencies": {
        "hamber": "^3.2.0"
      }
    },
    "node_modules/@sindresorhus/slugify": {
      "version": "0.9.1",
      "resolved": "https://registry.npmjs.org/@sindresorhus/slugify/-/slugify-0.9.1.tgz",
      "integrity": "sha512-b6heYM9dzZD13t2GOiEQTDE0qX+I1GyOotMwKh9VQqzuNiVdPVT8dM43fe9HNb/3ul+Qwd5oKSEDrDIfhq3bnQ==",
      "dependencies": {
        "escape-string-regexp": "^1.0.5",
        "lodash.deburr": "^4.1.0"
      },
      "engines": {
        "node": ">=8"
      }
    },
    "node_modules/escape-string-regexp": {
      "version": "1.0.5",
      "resolved": "https://registry.npmjs.org/escape-string-regexp/-/escape-string-regexp-1.0.5.tgz",
      "integrity": "sha1-G2HAViGQqN/2rjuyzwIAyhMLhtQ=",
      "engines": {
        "node": ">=0.8.0"
      }
    },
    "node_modules/golden-fleece": {
      "version": "1.0.9",
      "resolved": "https://registry.npmjs.org/golden-fleece/-/golden-fleece-1.0.9.tgz",
      "integrity": "sha512-YSwLaGMOgSBx9roJlNLL12c+FRiw7VECphinc6mGucphc/ZxTHgdEz6gmJqH6NOzYEd/yr64hwjom5pZ+tJVpg=="
    },
    "node_modules/hamber": {
      "version": "3.2.0",
      "resolved": "https://registry.npmjs.org/hamber/-/hamber-3.2.0.tgz",
      "integrity": "sha512-qioTOQxpdeRyDYDB3aeT8tTenVd49LtqAcvNdCRjkufAWZNyd+T/2n2CF5MSo5twpX4x/3eWXMuGYRys3D7RFg==",
      "dev": true
    },
    "node_modules/lodash.deburr": {
      "version": "4.1.0",
      "resolved": "https://registry.npmjs.org/lodash.deburr/-/lodash.deburr-4.1.0.tgz",
      "integrity": "sha1-3bG7s+8HRYwBd7oH3hRCLLAz/5s="
    }
  },
  "dependencies": {
    "@sindresorhus/slugify": {
      "version": "0.9.1",
      "resolved": "https://registry.npmjs.org/@sindresorhus/slugify/-/slugify-0.9.1.tgz",
      "integrity": "sha512-b6heYM9dzZD13t2GOiEQTDE0qX+I1GyOotMwKh9VQqzuNiVdPVT8dM43fe9HNb/3ul+Qwd5oKSEDrDIfhq3bnQ==",
      "requires": {
        "escape-string-regexp": "^1.0.5",
        "lodash.deburr": "^4.1.0"
      }
    },
    "escape-string-regexp": {
      "version": "1.0.5",
      "resolved": "https://registry.npmjs.org/escape-string-regexp/-/escape-string-regexp-1.0.5.tgz",
      "integrity": "sha1-G2HAViGQqN/2rjuyzwIAyhMLhtQ="
    },
    "golden-fleece": {
      "version": "1.0.9",
      "resolved": "https://registry.npmjs.org/golden-fleece/-/golden-fleece-1.0.9.tgz",
      "integrity": "sha512-YSwLaGMOgSBx9roJlNLL12c+FRiw7VECphinc6mGucphc/ZxTHgdEz6gmJqH6NOzYEd/yr64hwjom5pZ+tJVpg=="
    },
    "hamber": {
      "version": "3.2.0",
      "resolved": "https://registry.npmjs.org/hamber/-/hamber-3.2.0.tgz",
      "integrity": "sha512-qioTOQxpdeRyDYDB3aeT8tTenVd49LtqAcvNdCRjkufAWZNyd+T/2n2CF5MSo5twpX4x/3eWXMuGYRys3D7RFg==",
      "dev": true
    },
    "lodash.deburr": {
      "version": "4.1.0",
      "resolved": "https://registry.npmjs.org/lodash.deburr/-/lodash.deburr-4.1.0.tgz",
      "integrity": "sha1-3bG7s+8HRYwBd7oH3hRCLLAz/5s="
    }
  }
}
